// !$*UTF8*$!
{
	archiveVersion = 1;
	classes = {
	};
	objectVersion = 56;
	objects = {

/* Begin PBXBuildFile section */
		01056D5F2A7E5C0100B8B027 /* MeetingFooterView.swift in Sources */ = {isa = PBXBuildFile; fileRef = 01056D5E2A7E5C0100B8B027 /* MeetingFooterView.swift */; };
		01099A5D2A881C6E000BAB4D /* NewScrumSheet.swift in Sources */ = {isa = PBXBuildFile; fileRef = 01099A5C2A881C6E000BAB4D /* NewScrumSheet.swift */; };
		01099A5F2A881FC6000BAB4D /* History.swift in Sources */ = {isa = PBXBuildFile; fileRef = 01099A5E2A881FC6000BAB4D /* History.swift */; };
		0135DE952A7AF7C600DF47DA /* DetailEditView.swift in Sources */ = {isa = PBXBuildFile; fileRef = 0135DE942A7AF7C600DF47DA /* DetailEditView.swift */; };
		0140F5C02A67FEB30030270E /* TrailingIconLabelStyle.swift in Sources */ = {isa = PBXBuildFile; fileRef = 0140F5BF2A67FEB30030270E /* TrailingIconLabelStyle.swift */; };
		01412E402A76637D004FB719 /* DetailView.swift in Sources */ = {isa = PBXBuildFile; fileRef = 01412E3F2A76637D004FB719 /* DetailView.swift */; };
		01420D5C2A6707BC00EC308E /* Theme.swift in Sources */ = {isa = PBXBuildFile; fileRef = 01420D5B2A6707BC00EC308E /* Theme.swift */; };
		01420D5E2A67097B00EC308E /* DailyScrum.swift in Sources */ = {isa = PBXBuildFile; fileRef = 01420D5D2A67097B00EC308E /* DailyScrum.swift */; };
		01420D612A671FB500EC308E /* CardView.swift in Sources */ = {isa = PBXBuildFile; fileRef = 01420D602A671FB400EC308E /* CardView.swift */; };
		015138CA2A7E565E0001E19C /* MeetingHeaderView.swift in Sources */ = {isa = PBXBuildFile; fileRef = 015138C92A7E565E0001E19C /* MeetingHeaderView.swift */; };
		015138CC2A7E59340001E19C /* ScrumProgressViewStyle.swift in Sources */ = {isa = PBXBuildFile; fileRef = 015138CB2A7E59340001E19C /* ScrumProgressViewStyle.swift */; };
		015138CE2A7E59E60001E19C /* ScrumTimer.swift in Sources */ = {isa = PBXBuildFile; fileRef = 015138CD2A7E59E60001E19C /* ScrumTimer.swift */; };
		0193CBD02A7E61AB00405E29 /* AVPlayer+Ding.swift in Sources */ = {isa = PBXBuildFile; fileRef = 0193CBCF2A7E61AA00405E29 /* AVPlayer+Ding.swift */; };
		01B5CCE42A73083300E4EC4F /* ScrumsView.swift in Sources */ = {isa = PBXBuildFile; fileRef = 01B5CCE32A73083300E4EC4F /* ScrumsView.swift */; };
		01B5CCE62A730C2900E4EC4F /* Assets.xcassets in Resources */ = {isa = PBXBuildFile; fileRef = 01B5CCE52A730C2900E4EC4F /* Assets.xcassets */; };
		01C06FD62A7C406600CA171B /* ThemeView.swift in Sources */ = {isa = PBXBuildFile; fileRef = 01C06FD52A7C406600CA171B /* ThemeView.swift */; };
		01C06FD82A7C42B300CA171B /* ThemePicker.swift in Sources */ = {isa = PBXBuildFile; fileRef = 01C06FD72A7C42B300CA171B /* ThemePicker.swift */; };
		01C9F1F82A96A23400C12940 /* ErrorWrapper.swift in Sources */ = {isa = PBXBuildFile; fileRef = 01C9F1F72A96A23400C12940 /* ErrorWrapper.swift */; };
		01D0A43D2A66A3EE0042CD5D /* ScrumDingerApp.swift in Sources */ = {isa = PBXBuildFile; fileRef = 01D0A43C2A66A3EE0042CD5D /* ScrumDingerApp.swift */; };
		01D0A43F2A66A3EE0042CD5D /* MeetingView.swift in Sources */ = {isa = PBXBuildFile; fileRef = 01D0A43E2A66A3EE0042CD5D /* MeetingView.swift */; };
		01D0A4442A66A3EE0042CD5D /* Preview Assets.xcassets in Resources */ = {isa = PBXBuildFile; fileRef = 01D0A4432A66A3EE0042CD5D /* Preview Assets.xcassets */; };
		01D0A44E2A66A3EE0042CD5D /* ScrumDingerTests.swift in Sources */ = {isa = PBXBuildFile; fileRef = 01D0A44D2A66A3EE0042CD5D /* ScrumDingerTests.swift */; };
		01D0A4582A66A3EF0042CD5D /* ScrumDingerUITests.swift in Sources */ = {isa = PBXBuildFile; fileRef = 01D0A4572A66A3EF0042CD5D /* ScrumDingerUITests.swift */; };
		01D0A45A2A66A3EF0042CD5D /* ScrumDingerUITestsLaunchTests.swift in Sources */ = {isa = PBXBuildFile; fileRef = 01D0A4592A66A3EF0042CD5D /* ScrumDingerUITestsLaunchTests.swift */; };
		01DC728D2A7E67B1001014B1 /* Configuration in Resources */ = {isa = PBXBuildFile; fileRef = 01DC728C2A7E67B1001014B1 /* Configuration */; };
		01DC72922A7E68CC001014B1 /* ding.wav in Resources */ = {isa = PBXBuildFile; fileRef = 01DC72912A7E68CC001014B1 /* ding.wav */; };
		01E7B1212A8ACBD100403400 /* ScrumStore.swift in Sources */ = {isa = PBXBuildFile; fileRef = 01E7B1202A8ACBD100403400 /* ScrumStore.swift */; };
/* End PBXBuildFile section */

/* Begin PBXContainerItemProxy section */
		01D0A44A2A66A3EE0042CD5D /* PBXContainerItemProxy */ = {
			isa = PBXContainerItemProxy;
			containerPortal = 01D0A4312A66A3ED0042CD5D /* Project object */;
			proxyType = 1;
			remoteGlobalIDString = 01D0A4382A66A3ED0042CD5D;
			remoteInfo = ScrumDinger;
		};
		01D0A4542A66A3EF0042CD5D /* PBXContainerItemProxy */ = {
			isa = PBXContainerItemProxy;
			containerPortal = 01D0A4312A66A3ED0042CD5D /* Project object */;
			proxyType = 1;
			remoteGlobalIDString = 01D0A4382A66A3ED0042CD5D;
			remoteInfo = ScrumDinger;
		};
/* End PBXContainerItemProxy section */

/* Begin PBXFileReference section */
		01056D5E2A7E5C0100B8B027 /* MeetingFooterView.swift */ = {isa = PBXFileReference; lastKnownFileType = sourcecode.swift; path = MeetingFooterView.swift; sourceTree = "<group>"; };
		01099A5C2A881C6E000BAB4D /* NewScrumSheet.swift */ = {isa = PBXFileReference; lastKnownFileType = sourcecode.swift; path = NewScrumSheet.swift; sourceTree = "<group>"; };
		01099A5E2A881FC6000BAB4D /* History.swift */ = {isa = PBXFileReference; lastKnownFileType = sourcecode.swift; path = History.swift; sourceTree = "<group>"; };
		0135DE942A7AF7C600DF47DA /* DetailEditView.swift */ = {isa = PBXFileReference; lastKnownFileType = sourcecode.swift; path = DetailEditView.swift; sourceTree = "<group>"; };
		0140F5BF2A67FEB30030270E /* TrailingIconLabelStyle.swift */ = {isa = PBXFileReference; lastKnownFileType = sourcecode.swift; path = TrailingIconLabelStyle.swift; sourceTree = "<group>"; };
		01412E3F2A76637D004FB719 /* DetailView.swift */ = {isa = PBXFileReference; lastKnownFileType = sourcecode.swift; path = DetailView.swift; sourceTree = "<group>"; };
		01420D5B2A6707BC00EC308E /* Theme.swift */ = {isa = PBXFileReference; lastKnownFileType = sourcecode.swift; path = Theme.swift; sourceTree = "<group>"; };
		01420D5D2A67097B00EC308E /* DailyScrum.swift */ = {isa = PBXFileReference; lastKnownFileType = sourcecode.swift; path = DailyScrum.swift; sourceTree = "<group>"; };
		01420D602A671FB400EC308E /* CardView.swift */ = {isa = PBXFileReference; lastKnownFileType = sourcecode.swift; path = CardView.swift; sourceTree = "<group>"; };
		015138C92A7E565E0001E19C /* MeetingHeaderView.swift */ = {isa = PBXFileReference; lastKnownFileType = sourcecode.swift; path = MeetingHeaderView.swift; sourceTree = "<group>"; };
		015138CB2A7E59340001E19C /* ScrumProgressViewStyle.swift */ = {isa = PBXFileReference; fileEncoding = 4; lastKnownFileType = sourcecode.swift; name = ScrumProgressViewStyle.swift; path = ../../../../../Downloads/ManagingStateAndLifeCycle/StartingProject/Scrumdinger/Views/ScrumProgressViewStyle.swift; sourceTree = "<group>"; };
		015138CD2A7E59E60001E19C /* ScrumTimer.swift */ = {isa = PBXFileReference; fileEncoding = 4; lastKnownFileType = sourcecode.swift; name = ScrumTimer.swift; path = ../../../../../Downloads/ManagingStateAndLifeCycle/StartingProject/Scrumdinger/Models/ScrumTimer.swift; sourceTree = "<group>"; };
		0193CBCF2A7E61AA00405E29 /* AVPlayer+Ding.swift */ = {isa = PBXFileReference; fileEncoding = 4; lastKnownFileType = sourcecode.swift; name = "AVPlayer+Ding.swift"; path = "../../../../../Downloads/ManagingStateAndLifeCycle/StartingProject/Scrumdinger/Models/AVPlayer+Ding.swift"; sourceTree = "<group>"; };
		01B5CCE32A73083300E4EC4F /* ScrumsView.swift */ = {isa = PBXFileReference; lastKnownFileType = sourcecode.swift; path = ScrumsView.swift; sourceTree = "<group>"; };
		01B5CCE52A730C2900E4EC4F /* Assets.xcassets */ = {isa = PBXFileReference; lastKnownFileType = folder.assetcatalog; name = Assets.xcassets; path = ../../../../Downloads/CreatingACardView/StartingProject/Scrumdinger/Assets.xcassets; sourceTree = "<group>"; };
		01C06FD52A7C406600CA171B /* ThemeView.swift */ = {isa = PBXFileReference; lastKnownFileType = sourcecode.swift; path = ThemeView.swift; sourceTree = "<group>"; };
		01C06FD72A7C42B300CA171B /* ThemePicker.swift */ = {isa = PBXFileReference; lastKnownFileType = sourcecode.swift; path = ThemePicker.swift; sourceTree = "<group>"; };
		01C9F1F72A96A23400C12940 /* ErrorWrapper.swift */ = {isa = PBXFileReference; lastKnownFileType = sourcecode.swift; path = ErrorWrapper.swift; sourceTree = "<group>"; };
		01D0A4392A66A3EE0042CD5D /* ScrumDinger.app */ = {isa = PBXFileReference; explicitFileType = wrapper.application; includeInIndex = 0; path = ScrumDinger.app; sourceTree = BUILT_PRODUCTS_DIR; };
		01D0A43C2A66A3EE0042CD5D /* ScrumDingerApp.swift */ = {isa = PBXFileReference; lastKnownFileType = sourcecode.swift; path = ScrumDingerApp.swift; sourceTree = "<group>"; };
		01D0A43E2A66A3EE0042CD5D /* MeetingView.swift */ = {isa = PBXFileReference; lastKnownFileType = sourcecode.swift; path = MeetingView.swift; sourceTree = "<group>"; };
		01D0A4432A66A3EE0042CD5D /* Preview Assets.xcassets */ = {isa = PBXFileReference; lastKnownFileType = folder.assetcatalog; path = "Preview Assets.xcassets"; sourceTree = "<group>"; };
		01D0A4492A66A3EE0042CD5D /* ScrumDingerTests.xctest */ = {isa = PBXFileReference; explicitFileType = wrapper.cfbundle; includeInIndex = 0; path = ScrumDingerTests.xctest; sourceTree = BUILT_PRODUCTS_DIR; };
		01D0A44D2A66A3EE0042CD5D /* ScrumDingerTests.swift */ = {isa = PBXFileReference; lastKnownFileType = sourcecode.swift; path = ScrumDingerTests.swift; sourceTree = "<group>"; };
		01D0A4532A66A3EF0042CD5D /* ScrumDingerUITests.xctest */ = {isa = PBXFileReference; explicitFileType = wrapper.cfbundle; includeInIndex = 0; path = ScrumDingerUITests.xctest; sourceTree = BUILT_PRODUCTS_DIR; };
		01D0A4572A66A3EF0042CD5D /* ScrumDingerUITests.swift */ = {isa = PBXFileReference; lastKnownFileType = sourcecode.swift; path = ScrumDingerUITests.swift; sourceTree = "<group>"; };
		01D0A4592A66A3EF0042CD5D /* ScrumDingerUITestsLaunchTests.swift */ = {isa = PBXFileReference; lastKnownFileType = sourcecode.swift; path = ScrumDingerUITestsLaunchTests.swift; sourceTree = "<group>"; };
		01DC728C2A7E67B1001014B1 /* Configuration */ = {isa = PBXFileReference; lastKnownFileType = folder; name = Configuration; path = ../../../../Downloads/ManagingStateAndLifeCycle/Complete/Configuration; sourceTree = "<group>"; };
		01DC72912A7E68CC001014B1 /* ding.wav */ = {isa = PBXFileReference; lastKnownFileType = audio.wav; path = ding.wav; sourceTree = "<group>"; };
		01E7B1202A8ACBD100403400 /* ScrumStore.swift */ = {isa = PBXFileReference; lastKnownFileType = sourcecode.swift; path = ScrumStore.swift; sourceTree = "<group>"; };
/* End PBXFileReference section */

/* Begin PBXFrameworksBuildPhase section */
		01D0A4362A66A3ED0042CD5D /* Frameworks */ = {
			isa = PBXFrameworksBuildPhase;
			buildActionMask = 2147483647;
			files = (
			);
			runOnlyForDeploymentPostprocessing = 0;
		};
		01D0A4462A66A3EE0042CD5D /* Frameworks */ = {
			isa = PBXFrameworksBuildPhase;
			buildActionMask = 2147483647;
			files = (
			);
			runOnlyForDeploymentPostprocessing = 0;
		};
		01D0A4502A66A3EF0042CD5D /* Frameworks */ = {
			isa = PBXFrameworksBuildPhase;
			buildActionMask = 2147483647;
			files = (
			);
			runOnlyForDeploymentPostprocessing = 0;
		};
/* End PBXFrameworksBuildPhase section */

/* Begin PBXGroup section */
		01420D5A2A67078900EC308E /* Models */ = {
			isa = PBXGroup;
			children = (
				01420D5B2A6707BC00EC308E /* Theme.swift */,
				01E7B1202A8ACBD100403400 /* ScrumStore.swift */,
				015138CD2A7E59E60001E19C /* ScrumTimer.swift */,
				0193CBCF2A7E61AA00405E29 /* AVPlayer+Ding.swift */,
				01420D5D2A67097B00EC308E /* DailyScrum.swift */,
				01099A5E2A881FC6000BAB4D /* History.swift */,
				01C9F1F72A96A23400C12940 /* ErrorWrapper.swift */,
			);
			path = Models;
			sourceTree = "<group>";
		};
		01420D5F2A671F7400EC308E /* Views */ = {
			isa = PBXGroup;
			children = (
				01D0A43E2A66A3EE0042CD5D /* MeetingView.swift */,
				01056D5E2A7E5C0100B8B027 /* MeetingFooterView.swift */,
				015138C92A7E565E0001E19C /* MeetingHeaderView.swift */,
				01420D602A671FB400EC308E /* CardView.swift */,
				0140F5BF2A67FEB30030270E /* TrailingIconLabelStyle.swift */,
				01B5CCE32A73083300E4EC4F /* ScrumsView.swift */,
				01412E3F2A76637D004FB719 /* DetailView.swift */,
				015138CB2A7E59340001E19C /* ScrumProgressViewStyle.swift */,
				0135DE942A7AF7C600DF47DA /* DetailEditView.swift */,
				01C06FD52A7C406600CA171B /* ThemeView.swift */,
				01C06FD72A7C42B300CA171B /* ThemePicker.swift */,
				01099A5C2A881C6E000BAB4D /* NewScrumSheet.swift */,
			);
			path = Views;
			sourceTree = "<group>";
		};
		01D0A4302A66A3ED0042CD5D = {
			isa = PBXGroup;
			children = (
				01D0A43B2A66A3EE0042CD5D /* ScrumDinger */,
				01D0A44C2A66A3EE0042CD5D /* ScrumDingerTests */,
				01D0A4562A66A3EF0042CD5D /* ScrumDingerUITests */,
				01D0A43A2A66A3EE0042CD5D /* Products */,
			);
			sourceTree = "<group>";
		};
		01D0A43A2A66A3EE0042CD5D /* Products */ = {
			isa = PBXGroup;
			children = (
				01D0A4392A66A3EE0042CD5D /* ScrumDinger.app */,
				01D0A4492A66A3EE0042CD5D /* ScrumDingerTests.xctest */,
				01D0A4532A66A3EF0042CD5D /* ScrumDingerUITests.xctest */,
			);
			name = Products;
			sourceTree = "<group>";
		};
		01D0A43B2A66A3EE0042CD5D /* ScrumDinger */ = {
			isa = PBXGroup;
			children = (
				01DC72902A7E6870001014B1 /* Resources */,
				01B5CCE52A730C2900E4EC4F /* Assets.xcassets */,
				01420D5F2A671F7400EC308E /* Views */,
				01420D5A2A67078900EC308E /* Models */,
				01D0A43C2A66A3EE0042CD5D /* ScrumDingerApp.swift */,
				01D0A4422A66A3EE0042CD5D /* Preview Content */,
			);
			path = ScrumDinger;
			sourceTree = "<group>";
		};
		01D0A4422A66A3EE0042CD5D /* Preview Content */ = {
			isa = PBXGroup;
			children = (
				01D0A4432A66A3EE0042CD5D /* Preview Assets.xcassets */,
			);
			path = "Preview Content";
			sourceTree = "<group>";
		};
		01D0A44C2A66A3EE0042CD5D /* ScrumDingerTests */ = {
			isa = PBXGroup;
			children = (
				01D0A44D2A66A3EE0042CD5D /* ScrumDingerTests.swift */,
			);
			path = ScrumDingerTests;
			sourceTree = "<group>";
		};
		01D0A4562A66A3EF0042CD5D /* ScrumDingerUITests */ = {
			isa = PBXGroup;
			children = (
				01DC728C2A7E67B1001014B1 /* Configuration */,
				01D0A4572A66A3EF0042CD5D /* ScrumDingerUITests.swift */,
				01D0A4592A66A3EF0042CD5D /* ScrumDingerUITestsLaunchTests.swift */,
			);
			path = ScrumDingerUITests;
			sourceTree = "<group>";
		};
		01DC72902A7E6870001014B1 /* Resources */ = {
			isa = PBXGroup;
			children = (
				01DC72912A7E68CC001014B1 /* ding.wav */,
			);
			path = Resources;
			sourceTree = "<group>";
		};
/* End PBXGroup section */

/* Begin PBXNativeTarget section */
		01D0A4382A66A3ED0042CD5D /* ScrumDinger */ = {
			isa = PBXNativeTarget;
			buildConfigurationList = 01D0A45D2A66A3EF0042CD5D /* Build configuration list for PBXNativeTarget "ScrumDinger" */;
			buildPhases = (
				01D0A4352A66A3ED0042CD5D /* Sources */,
				01D0A4362A66A3ED0042CD5D /* Frameworks */,
				01D0A4372A66A3ED0042CD5D /* Resources */,
			);
			buildRules = (
			);
			dependencies = (
			);
			name = ScrumDinger;
			productName = ScrumDinger;
			productReference = 01D0A4392A66A3EE0042CD5D /* ScrumDinger.app */;
			productType = "com.apple.product-type.application";
		};
		01D0A4482A66A3EE0042CD5D /* ScrumDingerTests */ = {
			isa = PBXNativeTarget;
			buildConfigurationList = 01D0A4602A66A3EF0042CD5D /* Build configuration list for PBXNativeTarget "ScrumDingerTests" */;
			buildPhases = (
				01D0A4452A66A3EE0042CD5D /* Sources */,
				01D0A4462A66A3EE0042CD5D /* Frameworks */,
				01D0A4472A66A3EE0042CD5D /* Resources */,
			);
			buildRules = (
			);
			dependencies = (
				01D0A44B2A66A3EE0042CD5D /* PBXTargetDependency */,
			);
			name = ScrumDingerTests;
			productName = ScrumDingerTests;
			productReference = 01D0A4492A66A3EE0042CD5D /* ScrumDingerTests.xctest */;
			productType = "com.apple.product-type.bundle.unit-test";
		};
		01D0A4522A66A3EF0042CD5D /* ScrumDingerUITests */ = {
			isa = PBXNativeTarget;
			buildConfigurationList = 01D0A4632A66A3EF0042CD5D /* Build configuration list for PBXNativeTarget "ScrumDingerUITests" */;
			buildPhases = (
				01D0A44F2A66A3EF0042CD5D /* Sources */,
				01D0A4502A66A3EF0042CD5D /* Frameworks */,
				01D0A4512A66A3EF0042CD5D /* Resources */,
			);
			buildRules = (
			);
			dependencies = (
				01D0A4552A66A3EF0042CD5D /* PBXTargetDependency */,
			);
			name = ScrumDingerUITests;
			productName = ScrumDingerUITests;
			productReference = 01D0A4532A66A3EF0042CD5D /* ScrumDingerUITests.xctest */;
			productType = "com.apple.product-type.bundle.ui-testing";
		};
/* End PBXNativeTarget section */

/* Begin PBXProject section */
		01D0A4312A66A3ED0042CD5D /* Project object */ = {
			isa = PBXProject;
			attributes = {
				BuildIndependentTargetsInParallel = 1;
				LastSwiftUpdateCheck = 1420;
				LastUpgradeCheck = 1420;
				TargetAttributes = {
					01D0A4382A66A3ED0042CD5D = {
						CreatedOnToolsVersion = 14.2;
					};
					01D0A4482A66A3EE0042CD5D = {
						CreatedOnToolsVersion = 14.2;
						TestTargetID = 01D0A4382A66A3ED0042CD5D;
					};
					01D0A4522A66A3EF0042CD5D = {
						CreatedOnToolsVersion = 14.2;
						TestTargetID = 01D0A4382A66A3ED0042CD5D;
					};
				};
			};
			buildConfigurationList = 01D0A4342A66A3ED0042CD5D /* Build configuration list for PBXProject "ScrumDinger" */;
			compatibilityVersion = "Xcode 14.0";
			developmentRegion = en;
			hasScannedForEncodings = 0;
			knownRegions = (
				en,
				Base,
			);
			mainGroup = 01D0A4302A66A3ED0042CD5D;
			productRefGroup = 01D0A43A2A66A3EE0042CD5D /* Products */;
			projectDirPath = "";
			projectRoot = "";
			targets = (
				01D0A4382A66A3ED0042CD5D /* ScrumDinger */,
				01D0A4482A66A3EE0042CD5D /* ScrumDingerTests */,
				01D0A4522A66A3EF0042CD5D /* ScrumDingerUITests */,
			);
		};
/* End PBXProject section */

/* Begin PBXResourcesBuildPhase section */
		01D0A4372A66A3ED0042CD5D /* Resources */ = {
			isa = PBXResourcesBuildPhase;
			buildActionMask = 2147483647;
			files = (
				01DC72922A7E68CC001014B1 /* ding.wav in Resources */,
				01D0A4442A66A3EE0042CD5D /* Preview Assets.xcassets in Resources */,
				01B5CCE62A730C2900E4EC4F /* Assets.xcassets in Resources */,
			);
			runOnlyForDeploymentPostprocessing = 0;
		};
		01D0A4472A66A3EE0042CD5D /* Resources */ = {
			isa = PBXResourcesBuildPhase;
			buildActionMask = 2147483647;
			files = (
			);
			runOnlyForDeploymentPostprocessing = 0;
		};
		01D0A4512A66A3EF0042CD5D /* Resources */ = {
			isa = PBXResourcesBuildPhase;
			buildActionMask = 2147483647;
			files = (
				01DC728D2A7E67B1001014B1 /* Configuration in Resources */,
			);
			runOnlyForDeploymentPostprocessing = 0;
		};
/* End PBXResourcesBuildPhase section */

/* Begin PBXSourcesBuildPhase section */
		01D0A4352A66A3ED0042CD5D /* Sources */ = {
			isa = PBXSourcesBuildPhase;
			buildActionMask = 2147483647;
			files = (
				01099A5F2A881FC6000BAB4D /* History.swift in Sources */,
				01C06FD82A7C42B300CA171B /* ThemePicker.swift in Sources */,
				015138CC2A7E59340001E19C /* ScrumProgressViewStyle.swift in Sources */,
				01056D5F2A7E5C0100B8B027 /* MeetingFooterView.swift in Sources */,
				015138CE2A7E59E60001E19C /* ScrumTimer.swift in Sources */,
				01420D5E2A67097B00EC308E /* DailyScrum.swift in Sources */,
				01E7B1212A8ACBD100403400 /* ScrumStore.swift in Sources */,
				01412E402A76637D004FB719 /* DetailView.swift in Sources */,
				01C9F1F82A96A23400C12940 /* ErrorWrapper.swift in Sources */,
				015138CA2A7E565E0001E19C /* MeetingHeaderView.swift in Sources */,
				0135DE952A7AF7C600DF47DA /* DetailEditView.swift in Sources */,
				01099A5D2A881C6E000BAB4D /* NewScrumSheet.swift in Sources */,
				0140F5C02A67FEB30030270E /* TrailingIconLabelStyle.swift in Sources */,
				01420D5C2A6707BC00EC308E /* Theme.swift in Sources */,
				01B5CCE42A73083300E4EC4F /* ScrumsView.swift in Sources */,
				01D0A43F2A66A3EE0042CD5D /* MeetingView.swift in Sources */,
				01D0A43D2A66A3EE0042CD5D /* ScrumDingerApp.swift in Sources */,
				01C06FD62A7C406600CA171B /* ThemeView.swift in Sources */,
				01420D612A671FB500EC308E /* CardView.swift in Sources */,
				0193CBD02A7E61AB00405E29 /* AVPlayer+Ding.swift in Sources */,
			);
			runOnlyForDeploymentPostprocessing = 0;
		};
		01D0A4452A66A3EE0042CD5D /* Sources */ = {
			isa = PBXSourcesBuildPhase;
			buildActionMask = 2147483647;
			files = (
				01D0A44E2A66A3EE0042CD5D /* ScrumDingerTests.swift in Sources */,
			);
			runOnlyForDeploymentPostprocessing = 0;
		};
		01D0A44F2A66A3EF0042CD5D /* Sources */ = {
			isa = PBXSourcesBuildPhase;
			buildActionMask = 2147483647;
			files = (
				01D0A45A2A66A3EF0042CD5D /* ScrumDingerUITestsLaunchTests.swift in Sources */,
				01D0A4582A66A3EF0042CD5D /* ScrumDingerUITests.swift in Sources */,
			);
			runOnlyForDeploymentPostprocessing = 0;
		};
/* End PBXSourcesBuildPhase section */

/* Begin PBXTargetDependency section */
		01D0A44B2A66A3EE0042CD5D /* PBXTargetDependency */ = {
			isa = PBXTargetDependency;
			target = 01D0A4382A66A3ED0042CD5D /* ScrumDinger */;
			targetProxy = 01D0A44A2A66A3EE0042CD5D /* PBXContainerItemProxy */;
		};
		01D0A4552A66A3EF0042CD5D /* PBXTargetDependency */ = {
			isa = PBXTargetDependency;
			target = 01D0A4382A66A3ED0042CD5D /* ScrumDinger */;
			targetProxy = 01D0A4542A66A3EF0042CD5D /* PBXContainerItemProxy */;
		};
/* End PBXTargetDependency section */

/* Begin XCBuildConfiguration section */
		01D0A45B2A66A3EF0042CD5D /* Debug */ = {
			isa = XCBuildConfiguration;
			buildSettings = {
				ALWAYS_SEARCH_USER_PATHS = NO;
				CLANG_ANALYZER_NONNULL = YES;
				CLANG_ANALYZER_NUMBER_OBJECT_CONVERSION = YES_AGGRESSIVE;
				CLANG_CXX_LANGUAGE_STANDARD = "gnu++20";
				CLANG_ENABLE_MODULES = YES;
				CLANG_ENABLE_OBJC_ARC = YES;
				CLANG_ENABLE_OBJC_WEAK = YES;
				CLANG_WARN_BLOCK_CAPTURE_AUTORELEASING = YES;
				CLANG_WARN_BOOL_CONVERSION = YES;
				CLANG_WARN_COMMA = YES;
				CLANG_WARN_CONSTANT_CONVERSION = YES;
				CLANG_WARN_DEPRECATED_OBJC_IMPLEMENTATIONS = YES;
				CLANG_WARN_DIRECT_OBJC_ISA_USAGE = YES_ERROR;
				CLANG_WARN_DOCUMENTATION_COMMENTS = YES;
				CLANG_WARN_EMPTY_BODY = YES;
				CLANG_WARN_ENUM_CONVERSION = YES;
				CLANG_WARN_INFINITE_RECURSION = YES;
				CLANG_WARN_INT_CONVERSION = YES;
				CLANG_WARN_NON_LITERAL_NULL_CONVERSION = YES;
				CLANG_WARN_OBJC_IMPLICIT_RETAIN_SELF = YES;
				CLANG_WARN_OBJC_LITERAL_CONVERSION = YES;
				CLANG_WARN_OBJC_ROOT_CLASS = YES_ERROR;
				CLANG_WARN_QUOTED_INCLUDE_IN_FRAMEWORK_HEADER = YES;
				CLANG_WARN_RANGE_LOOP_ANALYSIS = YES;
				CLANG_WARN_STRICT_PROTOTYPES = YES;
				CLANG_WARN_SUSPICIOUS_MOVE = YES;
				CLANG_WARN_UNGUARDED_AVAILABILITY = YES_AGGRESSIVE;
				CLANG_WARN_UNREACHABLE_CODE = YES;
				CLANG_WARN__DUPLICATE_METHOD_MATCH = YES;
				COPY_PHASE_STRIP = NO;
				DEBUG_INFORMATION_FORMAT = dwarf;
				ENABLE_STRICT_OBJC_MSGSEND = YES;
				ENABLE_TESTABILITY = YES;
				GCC_C_LANGUAGE_STANDARD = gnu11;
				GCC_DYNAMIC_NO_PIC = NO;
				GCC_NO_COMMON_BLOCKS = YES;
				GCC_OPTIMIZATION_LEVEL = 0;
				GCC_PREPROCESSOR_DEFINITIONS = (
					"DEBUG=1",
					"$(inherited)",
				);
				GCC_WARN_64_TO_32_BIT_CONVERSION = YES;
				GCC_WARN_ABOUT_RETURN_TYPE = YES_ERROR;
				GCC_WARN_UNDECLARED_SELECTOR = YES;
				GCC_WARN_UNINITIALIZED_AUTOS = YES_AGGRESSIVE;
				GCC_WARN_UNUSED_FUNCTION = YES;
				GCC_WARN_UNUSED_VARIABLE = YES;
				IPHONEOS_DEPLOYMENT_TARGET = 16.2;
				MTL_ENABLE_DEBUG_INFO = INCLUDE_SOURCE;
				MTL_FAST_MATH = YES;
				ONLY_ACTIVE_ARCH = YES;
				SDKROOT = iphoneos;
				SWIFT_ACTIVE_COMPILATION_CONDITIONS = DEBUG;
				SWIFT_OPTIMIZATION_LEVEL = "-Onone";
			};
			name = Debug;
		};
		01D0A45C2A66A3EF0042CD5D /* Release */ = {
			isa = XCBuildConfiguration;
			buildSettings = {
				ALWAYS_SEARCH_USER_PATHS = NO;
				CLANG_ANALYZER_NONNULL = YES;
				CLANG_ANALYZER_NUMBER_OBJECT_CONVERSION = YES_AGGRESSIVE;
				CLANG_CXX_LANGUAGE_STANDARD = "gnu++20";
				CLANG_ENABLE_MODULES = YES;
				CLANG_ENABLE_OBJC_ARC = YES;
				CLANG_ENABLE_OBJC_WEAK = YES;
				CLANG_WARN_BLOCK_CAPTURE_AUTORELEASING = YES;
				CLANG_WARN_BOOL_CONVERSION = YES;
				CLANG_WARN_COMMA = YES;
				CLANG_WARN_CONSTANT_CONVERSION = YES;
				CLANG_WARN_DEPRECATED_OBJC_IMPLEMENTATIONS = YES;
				CLANG_WARN_DIRECT_OBJC_ISA_USAGE = YES_ERROR;
				CLANG_WARN_DOCUMENTATION_COMMENTS = YES;
				CLANG_WARN_EMPTY_BODY = YES;
				CLANG_WARN_ENUM_CONVERSION = YES;
				CLANG_WARN_INFINITE_RECURSION = YES;
				CLANG_WARN_INT_CONVERSION = YES;
				CLANG_WARN_NON_LITERAL_NULL_CONVERSION = YES;
				CLANG_WARN_OBJC_IMPLICIT_RETAIN_SELF = YES;
				CLANG_WARN_OBJC_LITERAL_CONVERSION = YES;
				CLANG_WARN_OBJC_ROOT_CLASS = YES_ERROR;
				CLANG_WARN_QUOTED_INCLUDE_IN_FRAMEWORK_HEADER = YES;
				CLANG_WARN_RANGE_LOOP_ANALYSIS = YES;
				CLANG_WARN_STRICT_PROTOTYPES = YES;
				CLANG_WARN_SUSPICIOUS_MOVE = YES;
				CLANG_WARN_UNGUARDED_AVAILABILITY = YES_AGGRESSIVE;
				CLANG_WARN_UNREACHABLE_CODE = YES;
				CLANG_WARN__DUPLICATE_METHOD_MATCH = YES;
				COPY_PHASE_STRIP = NO;
				DEBUG_INFORMATION_FORMAT = "dwarf-with-dsym";
				ENABLE_NS_ASSERTIONS = NO;
				ENABLE_STRICT_OBJC_MSGSEND = YES;
				GCC_C_LANGUAGE_STANDARD = gnu11;
				GCC_NO_COMMON_BLOCKS = YES;
				GCC_WARN_64_TO_32_BIT_CONVERSION = YES;
				GCC_WARN_ABOUT_RETURN_TYPE = YES_ERROR;
				GCC_WARN_UNDECLARED_SELECTOR = YES;
				GCC_WARN_UNINITIALIZED_AUTOS = YES_AGGRESSIVE;
				GCC_WARN_UNUSED_FUNCTION = YES;
				GCC_WARN_UNUSED_VARIABLE = YES;
				IPHONEOS_DEPLOYMENT_TARGET = 16.2;
				MTL_ENABLE_DEBUG_INFO = NO;
				MTL_FAST_MATH = YES;
				SDKROOT = iphoneos;
				SWIFT_COMPILATION_MODE = wholemodule;
				SWIFT_OPTIMIZATION_LEVEL = "-O";
				VALIDATE_PRODUCT = YES;
			};
			name = Release;
		};
		01D0A45E2A66A3EF0042CD5D /* Debug */ = {
			isa = XCBuildConfiguration;
			buildSettings = {
				ASSETCATALOG_COMPILER_APPICON_NAME = AppIcon;
				ASSETCATALOG_COMPILER_GLOBAL_ACCENT_COLOR_NAME = AccentColor;
				CODE_SIGN_STYLE = Automatic;
				CURRENT_PROJECT_VERSION = 1;
				DEVELOPMENT_ASSET_PATHS = "\"ScrumDinger/Preview Content\"";
				ENABLE_PREVIEWS = YES;
				GENERATE_INFOPLIST_FILE = YES;
				INFOPLIST_KEY_UIApplicationSceneManifest_Generation = YES;
				INFOPLIST_KEY_UIApplicationSupportsIndirectInputEvents = YES;
				INFOPLIST_KEY_UILaunchScreen_Generation = YES;
				INFOPLIST_KEY_UISupportedInterfaceOrientations_iPad = "UIInterfaceOrientationPortrait UIInterfaceOrientationPortraitUpsideDown UIInterfaceOrientationLandscapeLeft UIInterfaceOrientationLandscapeRight";
				INFOPLIST_KEY_UISupportedInterfaceOrientations_iPhone = "UIInterfaceOrientationPortrait UIInterfaceOrientationLandscapeLeft UIInterfaceOrientationLandscapeRight";
				LD_RUNPATH_SEARCH_PATHS = (
					"$(inherited)",
					"@executable_path/Frameworks",
				);
				MARKETING_VERSION = 1.0;
				PRODUCT_BUNDLE_IDENTIFIER = "First-App.ScrumDinger";
				PRODUCT_NAME = "$(TARGET_NAME)";
				SWIFT_EMIT_LOC_STRINGS = YES;
				SWIFT_VERSION = 5.0;
				TARGETED_DEVICE_FAMILY = "1,2";
			};
			name = Debug;
		};
		01D0A45F2A66A3EF0042CD5D /* Release */ = {
			isa = XCBuildConfiguration;
			buildSettings = {
				ASSETCATALOG_COMPILER_APPICON_NAME = AppIcon;
				ASSETCATALOG_COMPILER_GLOBAL_ACCENT_COLOR_NAME = AccentColor;
				CODE_SIGN_STYLE = Automatic;
				CURRENT_PROJECT_VERSION = 1;
				DEVELOPMENT_ASSET_PATHS = "\"ScrumDinger/Preview Content\"";
				ENABLE_PREVIEWS = YES;
				GENERATE_INFOPLIST_FILE = YES;
				INFOPLIST_KEY_UIApplicationSceneManifest_Generation = YES;
				INFOPLIST_KEY_UIApplicationSupportsIndirectInputEvents = YES;
				INFOPLIST_KEY_UILaunchScreen_Generation = YES;
				INFOPLIST_KEY_UISupportedInterfaceOrientations_iPad = "UIInterfaceOrientationPortrait UIInterfaceOrientationPortraitUpsideDown UIInterfaceOrientationLandscapeLeft UIInterfaceOrientationLandscapeRight";
				INFOPLIST_KEY_UISupportedInterfaceOrientations_iPhone = "UIInterfaceOrientationPortrait UIInterfaceOrientationLandscapeLeft UIInterfaceOrientationLandscapeRight";
				LD_RUNPATH_SEARCH_PATHS = (
					"$(inherited)",
					"@executable_path/Frameworks",
				);
				MARKETING_VERSION = 1.0;
				PRODUCT_BUNDLE_IDENTIFIER = "First-App.ScrumDinger";
				PRODUCT_NAME = "$(TARGET_NAME)";
				SWIFT_EMIT_LOC_STRINGS = YES;
				SWIFT_VERSION = 5.0;
				TARGETED_DEVICE_FAMILY = "1,2";
			};
			name = Release;
		};
		01D0A4612A66A3EF0042CD5D /* Debug */ = {
			isa = XCBuildConfiguration;
			buildSettings = {
				ALWAYS_EMBED_SWIFT_STANDARD_LIBRARIES = YES;
				BUNDLE_LOADER = "$(TEST_HOST)";
				CODE_SIGN_STYLE = Automatic;
				CURRENT_PROJECT_VERSION = 1;
				GENERATE_INFOPLIST_FILE = YES;
				IPHONEOS_DEPLOYMENT_TARGET = 16.2;
				MARKETING_VERSION = 1.0;
				PRODUCT_BUNDLE_IDENTIFIER = "First-App.ScrumDingerTests";
				PRODUCT_NAME = "$(TARGET_NAME)";
				SWIFT_EMIT_LOC_STRINGS = NO;
				SWIFT_VERSION = 5.0;
				TARGETED_DEVICE_FAMILY = "1,2";
				TEST_HOST = "$(BUILT_PRODUCTS_DIR)/ScrumDinger.app/$(BUNDLE_EXECUTABLE_FOLDER_PATH)/ScrumDinger";
			};
			name = Debug;
		};
		01D0A4622A66A3EF0042CD5D /* Release */ = {
			isa = XCBuildConfiguration;
			buildSettings = {
				ALWAYS_EMBED_SWIFT_STANDARD_LIBRARIES = YES;
				BUNDLE_LOADER = "$(TEST_HOST)";
				CODE_SIGN_STYLE = Automatic;
				CURRENT_PROJECT_VERSION = 1;
				GENERATE_INFOPLIST_FILE = YES;
				IPHONEOS_DEPLOYMENT_TARGET = 16.2;
				MARKETING_VERSION = 1.0;
				PRODUCT_BUNDLE_IDENTIFIER = "First-App.ScrumDingerTests";
				PRODUCT_NAME = "$(TARGET_NAME)";
				SWIFT_EMIT_LOC_STRINGS = NO;
				SWIFT_VERSION = 5.0;
				TARGETED_DEVICE_FAMILY = "1,2";
				TEST_HOST = "$(BUILT_PRODUCTS_DIR)/ScrumDinger.app/$(BUNDLE_EXECUTABLE_FOLDER_PATH)/ScrumDinger";
			};
			name = Release;
		};
		01D0A4642A66A3EF0042CD5D /* Debug */ = {
			isa = XCBuildConfiguration;
			buildSettings = {
				ALWAYS_EMBED_SWIFT_STANDARD_LIBRARIES = YES;
				CODE_SIGN_STYLE = Automatic;
				CURRENT_PROJECT_VERSION = 1;
				GENERATE_INFOPLIST_FILE = YES;
				MARKETING_VERSION = 1.0;
				PRODUCT_BUNDLE_IDENTIFIER = "First-App.ScrumDingerUITests";
				PRODUCT_NAME = "$(TARGET_NAME)";
				SWIFT_EMIT_LOC_STRINGS = NO;
				SWIFT_VERSION = 5.0;
				TARGETED_DEVICE_FAMILY = "1,2";
				TEST_TARGET_NAME = ScrumDinger;
			};
			name = Debug;
		};
		01D0A4652A66A3EF0042CD5D /* Release */ = {
			isa = XCBuildConfiguration;
			buildSettings = {
				ALWAYS_EMBED_SWIFT_STANDARD_LIBRARIES = YES;
				CODE_SIGN_STYLE = Automatic;
				CURRENT_PROJECT_VERSION = 1;
				GENERATE_INFOPLIST_FILE = YES;
				MARKETING_VERSION = 1.0;
				PRODUCT_BUNDLE_IDENTIFIER = "First-App.ScrumDingerUITests";
				PRODUCT_NAME = "$(TARGET_NAME)";
				SWIFT_EMIT_LOC_STRINGS = NO;
				SWIFT_VERSION = 5.0;
				TARGETED_DEVICE_FAMILY = "1,2";
				TEST_TARGET_NAME = ScrumDinger;
			};
			name = Release;
		};
/* End XCBuildConfiguration section */

/* Begin XCConfigurationList section */
		01D0A4342A66A3ED0042CD5D /* Build configuration list for PBXProject "ScrumDinger" */ = {
			isa = XCConfigurationList;
			buildConfigurations = (
				01D0A45B2A66A3EF0042CD5D /* Debug */,
				01D0A45C2A66A3EF0042CD5D /* Release */,
			);
			defaultConfigurationIsVisible = 0;
			defaultConfigurationName = Release;
		};
		01D0A45D2A66A3EF0042CD5D /* Build configuration list for PBXNativeTarget "ScrumDinger" */ = {
			isa = XCConfigurationList;
			buildConfigurations = (
				01D0A45E2A66A3EF0042CD5D /* Debug */,
				01D0A45F2A66A3EF0042CD5D /* Release */,
			);
			defaultConfigurationIsVisible = 0;
			defaultConfigurationName = Release;
		};
		01D0A4602A66A3EF0042CD5D /* Build configuration list for PBXNativeTarget "ScrumDingerTests" */ = {
			isa = XCConfigurationList;
			buildConfigurations = (
				01D0A4612A66A3EF0042CD5D /* Debug */,
				01D0A4622A66A3EF0042CD5D /* Release */,
			);
			defaultConfigurationIsVisible = 0;
			defaultConfigurationName = Release;
		};
		01D0A4632A66A3EF0042CD5D /* Build configuration list for PBXNativeTarget "ScrumDingerUITests" */ = {
			isa = XCConfigurationList;
			buildConfigurations = (
				01D0A4642A66A3EF0042CD5D /* Debug */,
				01D0A4652A66A3EF0042CD5D /* Release */,
			);
			defaultConfigurationIsVisible = 0;
			defaultConfigurationName = Release;
		};
/* End XCConfigurationList section */
	};
	rootObject = 01D0A4312A66A3ED0042CD5D /* Project object */;
}
